
Microsoft Visual Studio Solution File, Format Version 12.00
# Visual Studio Version 16
VisualStudioVersion = 16.0.31702.278
MinimumVisualStudioVersion = 10.0.40219.1
Project("{FAE04EC0-301F-11D3-BF4B-00C04F79EFBC}") = "ClassTasks9.10.21", "ClassTasks9.10.21\ClassTasks9.10.21.csproj", "{8A294BB6-EAD9-4FB4-ABB6-C464F7014FE4}"
EndProject
Project("{FAE04EC0-301F-11D3-BF4B-00C04F79EFBC}") = "Laboratory Work №6", "Laboratory Work №6\Laboratory Work №6.csproj", "{8A60957E-4146-4186-987B-84B4E55F988C}"
EndProject
Project("{FAE04EC0-301F-11D3-BF4B-00C04F79EFBC}") = "Homework", "Homework\Homework.csproj", "{5E28303D-160F-4468-8B1E-8DB29E0F0E72}"
EndProject
Global
	GlobalSection(SolutionConfigurationPlatforms) = preSolution
		Debug|Any CPU = Debug|Any CPU
		Release|Any CPU = Release|Any CPU
	EndGlobalSection
	GlobalSection(ProjectConfigurationPlatforms) = postSolution
		{8A294BB6-EAD9-4FB4-ABB6-C464F7014FE4}.Debug|Any CPU.ActiveCfg = Debug|Any CPU
		{8A294BB6-EAD9-4FB4-ABB6-C464F7014FE4}.Debug|Any CPU.Build.0 = Debug|Any CPU
		{8A294BB6-EAD9-4FB4-ABB6-C464F7014FE4}.Release|Any CPU.ActiveCfg = Release|Any CPU
		{8A294BB6-EAD9-4FB4-ABB6-C464F7014FE4}.Release|Any CPU.Build.0 = Release|Any CPU
		{8A60957E-4146-4186-987B-84B4E55F988C}.Debug|Any CPU.ActiveCfg = Debug|Any CPU
		{8A60957E-4146-4186-987B-84B4E55F988C}.Debug|Any CPU.Build.0 = Debug|Any CPU
		{8A60957E-4146-4186-987B-84B4E55F988C}.Release|Any CPU.ActiveCfg = Release|Any CPU
		{8A60957E-4146-4186-987B-84B4E55F988C}.Release|Any CPU.Build.0 = Release|Any CPU
		{5E28303D-160F-4468-8B1E-8DB29E0F0E72}.Debug|Any CPU.ActiveCfg = Debug|Any CPU
		{5E28303D-160F-4468-8B1E-8DB29E0F0E72}.Debug|Any CPU.Build.0 = Debug|Any CPU
		{5E28303D-160F-4468-8B1E-8DB29E0F0E72}.Release|Any CPU.ActiveCfg = Release|Any CPU
		{5E28303D-160F-4468-8B1E-8DB29E0F0E72}.Release|Any CPU.Build.0 = Release|Any CPU
	EndGlobalSection
	GlobalSection(SolutionProperties) = preSolution
		HideSolutionNode = FALSE
	EndGlobalSection
	GlobalSection(ExtensibilityGlobals) = postSolution
		SolutionGuid = {1D305A72-E04D-4C7E-B93C-5309A1BF7510}
	EndGlobalSection
EndGlobal
